
Microsoft Visual Studio Solution File, Format Version 12.00
# Visual Studio 16
Project("{FAE04EC0-301F-11D3-BF4B-00C04F79EFBC}") = "SteamVR", "SteamVR.csproj", "{88B8BE1E-B519-8F95-1E1D-F054C00EC7F0}"
EndProject
Project("{FAE04EC0-301F-11D3-BF4B-00C04F79EFBC}") = "SteamVR_Actions", "SteamVR_Actions.csproj", "{33C037F0-EF31-3268-6F64-A1208294FEE3}"
EndProject
Project("{FAE04EC0-301F-11D3-BF4B-00C04F79EFBC}") = "Assembly-CSharp", "Assembly-CSharp.csproj", "{9AD696EB-D0B0-E362-8AFB-EA8316AB1901}"
EndProject
Project("{FAE04EC0-301F-11D3-BF4B-00C04F79EFBC}") = "SteamVR_Editor", "SteamVR_Editor.csproj", "{F5E671E9-7A2C-CCE8-EF6E-05DFB1596258}"
EndProject
Project("{FAE04EC0-301F-11D3-BF4B-00C04F79EFBC}") = "SteamVR_Input_Editor", "SteamVR_Input_Editor.csproj", "{312F262B-B98C-9B51-5A15-14C1CED34CF7}"
EndProject
Project("{FAE04EC0-301F-11D3-BF4B-00C04F79EFBC}") = "Assembly-CSharp-Editor", "Assembly-CSharp-Editor.csproj", "{42D79C08-6943-C309-8A65-EE107F96EA55}"
EndProject
Project("{FAE04EC0-301F-11D3-BF4B-00C04F79EFBC}") = "SteamVR_Windows_EditorHelper", "SteamVR_Windows_EditorHelper.csproj", "{9BD8B87D-21B9-171C-D773-AA3F10BD14D3}"
EndProject
Global
	GlobalSection(SolutionConfigurationPlatforms) = preSolution
		Debug|Any CPU = Debug|Any CPU
		Release|Any CPU = Release|Any CPU
	EndGlobalSection
	GlobalSection(ProjectConfigurationPlatforms) = postSolution
		{88B8BE1E-B519-8F95-1E1D-F054C00EC7F0}.Debug|Any CPU.ActiveCfg = Debug|Any CPU
		{88B8BE1E-B519-8F95-1E1D-F054C00EC7F0}.Debug|Any CPU.Build.0 = Debug|Any CPU
		{88B8BE1E-B519-8F95-1E1D-F054C00EC7F0}.Release|Any CPU.ActiveCfg = Release|Any CPU
		{88B8BE1E-B519-8F95-1E1D-F054C00EC7F0}.Release|Any CPU.Build.0 = Release|Any CPU
		{33C037F0-EF31-3268-6F64-A1208294FEE3}.Debug|Any CPU.ActiveCfg = Debug|Any CPU
		{33C037F0-EF31-3268-6F64-A1208294FEE3}.Debug|Any CPU.Build.0 = Debug|Any CPU
		{33C037F0-EF31-3268-6F64-A1208294FEE3}.Release|Any CPU.ActiveCfg = Release|Any CPU
		{33C037F0-EF31-3268-6F64-A1208294FEE3}.Release|Any CPU.Build.0 = Release|Any CPU
		{9AD696EB-D0B0-E362-8AFB-EA8316AB1901}.Debug|Any CPU.ActiveCfg = Debug|Any CPU
		{9AD696EB-D0B0-E362-8AFB-EA8316AB1901}.Debug|Any CPU.Build.0 = Debug|Any CPU
		{9AD696EB-D0B0-E362-8AFB-EA8316AB1901}.Release|Any CPU.ActiveCfg = Release|Any CPU
		{9AD696EB-D0B0-E362-8AFB-EA8316AB1901}.Release|Any CPU.Build.0 = Release|Any CPU
		{F5E671E9-7A2C-CCE8-EF6E-05DFB1596258}.Debug|Any CPU.ActiveCfg = Debug|Any CPU
		{F5E671E9-7A2C-CCE8-EF6E-05DFB1596258}.Debug|Any CPU.Build.0 = Debug|Any CPU
		{F5E671E9-7A2C-CCE8-EF6E-05DFB1596258}.Release|Any CPU.ActiveCfg = Release|Any CPU
		{F5E671E9-7A2C-CCE8-EF6E-05DFB1596258}.Release|Any CPU.Build.0 = Release|Any CPU
		{312F262B-B98C-9B51-5A15-14C1CED34CF7}.Debug|Any CPU.ActiveCfg = Debug|Any CPU
		{312F262B-B98C-9B51-5A15-14C1CED34CF7}.Debug|Any CPU.Build.0 = Debug|Any CPU
		{312F262B-B98C-9B51-5A15-14C1CED34CF7}.Release|Any CPU.ActiveCfg = Release|Any CPU
		{312F262B-B98C-9B51-5A15-14C1CED34CF7}.Release|Any CPU.Build.0 = Release|Any CPU
		{42D79C08-6943-C309-8A65-EE107F96EA55}.Debug|Any CPU.ActiveCfg = Debug|Any CPU
		{42D79C08-6943-C309-8A65-EE107F96EA55}.Debug|Any CPU.Build.0 = Debug|Any CPU
		{42D79C08-6943-C309-8A65-EE107F96EA55}.Release|Any CPU.ActiveCfg = Release|Any CPU
		{42D79C08-6943-C309-8A65-EE107F96EA55}.Release|Any CPU.Build.0 = Release|Any CPU
		{9BD8B87D-21B9-171C-D773-AA3F10BD14D3}.Debug|Any CPU.ActiveCfg = Debug|Any CPU
		{9BD8B87D-21B9-171C-D773-AA3F10BD14D3}.Debug|Any CPU.Build.0 = Debug|Any CPU
		{9BD8B87D-21B9-171C-D773-AA3F10BD14D3}.Release|Any CPU.ActiveCfg = Release|Any CPU
		{9BD8B87D-21B9-171C-D773-AA3F10BD14D3}.Release|Any CPU.Build.0 = Release|Any CPU
	EndGlobalSection
	GlobalSection(SolutionProperties) = preSolution
		HideSolutionNode = FALSE
	EndGlobalSection
EndGlobal
